# THIS IS AN AUTOGENERATED FILE. DO NOT EDIT THIS FILE DIRECTLY.
# yarn lockfile v1


"@xterm/xterm@^6.0.0":
  version "6.0.0"
  resolved "https://registry.yarnpkg.com/@xterm/xterm/-/xterm-6.0.0.tgz#93637b0f2ee3a70718b5746a27c9c506af16745b"
  integrity sha512-TQwDdQGtwwDt+2cgKDLn0IRaSxYu1tSUjgKarSDkUM0ZNiSRXFpjxEsvc/Zgc5kq5omJ+V0a8/kIM2WD3sMOYg==

typescript@^5.7.0:
  version "5.9.3"
  resolved "https://registry.yarnpkg.com/typescript/-/typescript-5.9.3.tgz#5b4f59e15310ab17a216f5d6cf53ee476ede670f"
  integrity sha512-jl1vZzPDinLr9eUt3J/t7V6FgNEw9QjvBPdysz9KfQDD41fQrC2Y4vKQdiaUpFT4bXlb1RHhLpp8wtm6M5TgSw==
