# THIS IS AN AUTOGENERATED FILE. DO NOT EDIT THIS FILE DIRECTLY.
# yarn lockfile v1


typescript@4.2.4:
  version "4.2.4"
  resolved "https://registry.yarnpkg.com/typescript/-/typescript-4.2.4.tgz#8610b59747de028fda898a8aef0e103f156d0961"
  integrity sha512-V+evlYHZnQkaz8TRBuxTA92yZBPotr5H+WhQ7bD3hZUndx5tGOa1fuCgeSjxAzM1RiN5IzvadIXTVefuuwZCRg==

xterm@^5.1.0:
  version "5.1.0"
  resolved "https://registry.yarnpkg.com/xterm/-/xterm-5.1.0.tgz#3e160d60e6801c864b55adf19171c49d2ff2b4fc"
  integrity sha512-LovENH4WDzpwynj+OTkLyZgJPeDom9Gra4DMlGAgz6pZhIDCQ+YuO7yfwanY+gVbn/mmZIStNOnVRU/ikQuAEQ==
